// !$*UTF8*$!
{
	archiveVersion = 1;
	classes = {
	};
	objectVersion = 55;
	objects = {

/* Begin PBXBuildFile section */
		FC67F5BD279316A20014BEEC /* AppDelegate.swift in Sources */ = {isa = PBXBuildFile; fileRef = FC67F5BC279316A20014BEEC /* AppDelegate.swift */; };
		FC67F5BF279316A20014BEEC /* SceneDelegate.swift in Sources */ = {isa = PBXBuildFile; fileRef = FC67F5BE279316A20014BEEC /* SceneDelegate.swift */; };
		FC67F5C1279316A20014BEEC /* ViewController.swift in Sources */ = {isa = PBXBuildFile; fileRef = FC67F5C0279316A20014BEEC /* ViewController.swift */; };
		FC67F5C4279316A20014BEEC /* Main.storyboard in Resources */ = {isa = PBXBuildFile; fileRef = FC67F5C2279316A20014BEEC /* Main.storyboard */; };
		FC67F5C6279316A50014BEEC /* Assets.xcassets in Resources */ = {isa = PBXBuildFile; fileRef = FC67F5C5279316A50014BEEC /* Assets.xcassets */; };
		FC67F5C9279316A50014BEEC /* LaunchScreen.storyboard in Resources */ = {isa = PBXBuildFile; fileRef = FC67F5C7279316A50014BEEC /* LaunchScreen.storyboard */; };
		FC67F5D12793174C0014BEEC /* FloodViewTestVC.swift in Sources */ = {isa = PBXBuildFile; fileRef = FC67F5D02793174C0014BEEC /* FloodViewTestVC.swift */; };
		FC67F5D3279317BE0014BEEC /* FloodView.swift in Sources */ = {isa = PBXBuildFile; fileRef = FC67F5D2279317BE0014BEEC /* FloodView.swift */; };
		FC67F5D527931EF10014BEEC /* ArrayHelpers.swift in Sources */ = {isa = PBXBuildFile; fileRef = FC67F5D427931EF10014BEEC /* ArrayHelpers.swift */; };
/* End PBXBuildFile section */

/* Begin PBXFileReference section */
		FC67F5B9279316A20014BEEC /* FloodFillAlgorithm.app */ = {isa = PBXFileReference; explicitFileType = wrapper.application; includeInIndex = 0; path = FloodFillAlgorithm.app; sourceTree = BUILT_PRODUCTS_DIR; };
		FC67F5BC279316A20014BEEC /* AppDelegate.swift */ = {isa = PBXFileReference; lastKnownFileType = sourcecode.swift; path = AppDelegate.swift; sourceTree = "<group>"; };
		FC67F5BE279316A20014BEEC /* SceneDelegate.swift */ = {isa = PBXFileReference; lastKnownFileType = sourcecode.swift; path = SceneDelegate.swift; sourceTree = "<group>"; };
		FC67F5C0279316A20014BEEC /* ViewController.swift */ = {isa = PBXFileReference; lastKnownFileType = sourcecode.swift; path = ViewController.swift; sourceTree = "<group>"; };
		FC67F5C3279316A20014BEEC /* Base */ = {isa = PBXFileReference; lastKnownFileType = file.storyboard; name = Base; path = Base.lproj/Main.storyboard; sourceTree = "<group>"; };
		FC67F5C5279316A50014BEEC /* Assets.xcassets */ = {isa = PBXFileReference; lastKnownFileType = folder.assetcatalog; path = Assets.xcassets; sourceTree = "<group>"; };
		FC67F5C8279316A50014BEEC /* Base */ = {isa = PBXFileReference; lastKnownFileType = file.storyboard; name = Base; path = Base.lproj/LaunchScreen.storyboard; sourceTree = "<group>"; };
		FC67F5CA279316A50014BEEC /* Info.plist */ = {isa = PBXFileReference; lastKnownFileType = text.plist.xml; path = Info.plist; sourceTree = "<group>"; };
		FC67F5D02793174C0014BEEC /* FloodViewTestVC.swift */ = {isa = PBXFileReference; fileEncoding = 4; lastKnownFileType = sourcecode.swift; path = FloodViewTestVC.swift; sourceTree = "<group>"; };
		FC67F5D2279317BE0014BEEC /* FloodView.swift */ = {isa = PBXFileReference; lastKnownFileType = sourcecode.swift; path = FloodView.swift; sourceTree = "<group>"; };
		FC67F5D427931EF10014BEEC /* ArrayHelpers.swift */ = {isa = PBXFileReference; lastKnownFileType = sourcecode.swift; path = ArrayHelpers.swift; sourceTree = "<group>"; };
/* End PBXFileReference section */

/* Begin PBXFrameworksBuildPhase section */
		FC67F5B6279316A20014BEEC /* Frameworks */ = {
			isa = PBXFrameworksBuildPhase;
			buildActionMask = 2147483647;
			files = (
			);
			runOnlyForDeploymentPostprocessing = 0;
		};
/* End PBXFrameworksBuildPhase section */

/* Begin PBXGroup section */
		FC67F5B0279316A20014BEEC = {
			isa = PBXGroup;
			children = (
				FC67F5BB279316A20014BEEC /* FloodFillAlgorithm */,
				FC67F5BA279316A20014BEEC /* Products */,
			);
			sourceTree = "<group>";
		};
		FC67F5BA279316A20014BEEC /* Products */ = {
			isa = PBXGroup;
			children = (
				FC67F5B9279316A20014BEEC /* FloodFillAlgorithm.app */,
			);
			name = Products;
			sourceTree = "<group>";
		};
		FC67F5BB279316A20014BEEC /* FloodFillAlgorithm */ = {
			isa = PBXGroup;
			children = (
				FC67F5BC279316A20014BEEC /* AppDelegate.swift */,
				FC67F5BE279316A20014BEEC /* SceneDelegate.swift */,
				FC67F5C0279316A20014BEEC /* ViewController.swift */,
				FC67F5C2279316A20014BEEC /* Main.storyboard */,
				FC67F5D02793174C0014BEEC /* FloodViewTestVC.swift */,
				FC67F5D2279317BE0014BEEC /* FloodView.swift */,
				FC67F5D427931EF10014BEEC /* ArrayHelpers.swift */,
				FC67F5C5279316A50014BEEC /* Assets.xcassets */,
				FC67F5C7279316A50014BEEC /* LaunchScreen.storyboard */,
				FC67F5CA279316A50014BEEC /* Info.plist */,
			);
			path = FloodFillAlgorithm;
			sourceTree = "<group>";
		};
/* End PBXGroup section */

/* Begin PBXNativeTarget section */
		FC67F5B8279316A20014BEEC /* FloodFillAlgorithm */ = {
			isa = PBXNativeTarget;
			buildConfigurationList = FC67F5CD279316A50014BEEC /* Build configuration list for PBXNativeTarget "FloodFillAlgorithm" */;
			buildPhases = (
				FC67F5B5279316A20014BEEC /* Sources */,
				FC67F5B6279316A20014BEEC /* Frameworks */,
				FC67F5B7279316A20014BEEC /* Resources */,
			);
			buildRules = (
			);
			dependencies = (
			);
			name = FloodFillAlgorithm;
			productName = FloodFillAlgorithm;
			productReference = FC67F5B9279316A20014BEEC /* FloodFillAlgorithm.app */;
			productType = "com.apple.product-type.application";
		};
/* End PBXNativeTarget section */

/* Begin PBXProject section */
		FC67F5B1279316A20014BEEC /* Project object */ = {
			isa = PBXProject;
			attributes = {
				BuildIndependentTargetsInParallel = 1;
				LastSwiftUpdateCheck = 1310;
				LastUpgradeCheck = 1310;
				TargetAttributes = {
					FC67F5B8279316A20014BEEC = {
						CreatedOnToolsVersion = 13.1;
					};
				};
			};
			buildConfigurationList = FC67F5B4279316A20014BEEC /* Build configuration list for PBXProject "FloodFillAlgorithm" */;
			compatibilityVersion = "Xcode 13.0";
			developmentRegion = en;
			hasScannedForEncodings = 0;
			knownRegions = (
				en,
				Base,
			);
			mainGroup = FC67F5B0279316A20014BEEC;
			productRefGroup = FC67F5BA279316A20014BEEC /* Products */;
			projectDirPath = "";
			projectRoot = "";
			targets = (
				FC67F5B8279316A20014BEEC /* FloodFillAlgorithm */,
			);
		};
/* End PBXProject section */

/* Begin PBXResourcesBuildPhase section */
		FC67F5B7279316A20014BEEC /* Resources */ = {
			isa = PBXResourcesBuildPhase;
			buildActionMask = 2147483647;
			files = (
				FC67F5C9279316A50014BEEC /* LaunchScreen.storyboard in Resources */,
				FC67F5C6279316A50014BEEC /* Assets.xcassets in Resources */,
				FC67F5C4279316A20014BEEC /* Main.storyboard in Resources */,
			);
			runOnlyForDeploymentPostprocessing = 0;
		};
/* End PBXResourcesBuildPhase section */

/* Begin PBXSourcesBuildPhase section */
		FC67F5B5279316A20014BEEC /* Sources */ = {
			isa = PBXSourcesBuildPhase;
			buildActionMask = 2147483647;
			files = (
				FC67F5D12793174C0014BEEC /* FloodViewTestVC.swift in Sources */,
				FC67F5D527931EF10014BEEC /* ArrayHelpers.swift in Sources */,
				FC67F5C1279316A20014BEEC /* ViewController.swift in Sources */,
				FC67F5BD279316A20014BEEC /* AppDelegate.swift in Sources */,
				FC67F5D3279317BE0014BEEC /* FloodView.swift in Sources */,
				FC67F5BF279316A20014BEEC /* SceneDelegate.swift in Sources */,
			);
			runOnlyForDeploymentPostprocessing = 0;
		};
/* End PBXSourcesBuildPhase section */

/* Begin PBXVariantGroup section */
		FC67F5C2279316A20014BEEC /* Main.storyboard */ = {
			isa = PBXVariantGroup;
			children = (
				FC67F5C3279316A20014BEEC /* Base */,
			);
			name = Main.storyboard;
			sourceTree = "<group>";
		};
		FC67F5C7279316A50014BEEC /* LaunchScreen.storyboard */ = {
			isa = PBXVariantGroup;
			children = (
				FC67F5C8279316A50014BEEC /* Base */,
			);
			name = LaunchScreen.storyboard;
			sourceTree = "<group>";
		};
/* End PBXVariantGroup section */

/* Begin XCBuildConfiguration section */
		FC67F5CB279316A50014BEEC /* Debug */ = {
			isa = XCBuildConfiguration;
			buildSettings = {
				ALWAYS_SEARCH_USER_PATHS = NO;
				CLANG_ANALYZER_NONNULL = YES;
				CLANG_ANALYZER_NUMBER_OBJECT_CONVERSION = YES_AGGRESSIVE;
				CLANG_CXX_LANGUAGE_STANDARD = "gnu++17";
				CLANG_CXX_LIBRARY = "libc++";
				CLANG_ENABLE_MODULES = YES;
				CLANG_ENABLE_OBJC_ARC = YES;
				CLANG_ENABLE_OBJC_WEAK = YES;
				CLANG_WARN_BLOCK_CAPTURE_AUTORELEASING = YES;
				CLANG_WARN_BOOL_CONVERSION = YES;
				CLANG_WARN_COMMA = YES;
				CLANG_WARN_CONSTANT_CONVERSION = YES;
				CLANG_WARN_DEPRECATED_OBJC_IMPLEMENTATIONS = YES;
				CLANG_WARN_DIRECT_OBJC_ISA_USAGE = YES_ERROR;
				CLANG_WARN_DOCUMENTATION_COMMENTS = YES;
				CLANG_WARN_EMPTY_BODY = YES;
				CLANG_WARN_ENUM_CONVERSION = YES;
				CLANG_WARN_INFINITE_RECURSION = YES;
				CLANG_WARN_INT_CONVERSION = YES;
				CLANG_WARN_NON_LITERAL_NULL_CONVERSION = YES;
				CLANG_WARN_OBJC_IMPLICIT_RETAIN_SELF = YES;
				CLANG_WARN_OBJC_LITERAL_CONVERSION = YES;
				CLANG_WARN_OBJC_ROOT_CLASS = YES_ERROR;
				CLANG_WARN_QUOTED_INCLUDE_IN_FRAMEWORK_HEADER = YES;
				CLANG_WARN_RANGE_LOOP_ANALYSIS = YES;
				CLANG_WARN_STRICT_PROTOTYPES = YES;
				CLANG_WARN_SUSPICIOUS_MOVE = YES;
				CLANG_WARN_UNGUARDED_AVAILABILITY = YES_AGGRESSIVE;
				CLANG_WARN_UNREACHABLE_CODE = YES;
				CLANG_WARN__DUPLICATE_METHOD_MATCH = YES;
				COPY_PHASE_STRIP = NO;
				DEBUG_INFORMATION_FORMAT = dwarf;
				ENABLE_STRICT_OBJC_MSGSEND = YES;
				ENABLE_TESTABILITY = YES;
				GCC_C_LANGUAGE_STANDARD = gnu11;
				GCC_DYNAMIC_NO_PIC = NO;
				GCC_NO_COMMON_BLOCKS = YES;
				GCC_OPTIMIZATION_LEVEL = 0;
				GCC_PREPROCESSOR_DEFINITIONS = (
					"DEBUG=1",
					"$(inherited)",
				);
				GCC_WARN_64_TO_32_BIT_CONVERSION = YES;
				GCC_WARN_ABOUT_RETURN_TYPE = YES_ERROR;
				GCC_WARN_UNDECLARED_SELECTOR = YES;
				GCC_WARN_UNINITIALIZED_AUTOS = YES_AGGRESSIVE;
				GCC_WARN_UNUSED_FUNCTION = YES;
				GCC_WARN_UNUSED_VARIABLE = YES;
				IPHONEOS_DEPLOYMENT_TARGET = 13.0;
				MTL_ENABLE_DEBUG_INFO = INCLUDE_SOURCE;
				MTL_FAST_MATH = YES;
				ONLY_ACTIVE_ARCH = YES;
				SDKROOT = iphoneos;
				SWIFT_ACTIVE_COMPILATION_CONDITIONS = DEBUG;
				SWIFT_OPTIMIZATION_LEVEL = "-Onone";
			};
			name = Debug;
		};
		FC67F5CC279316A50014BEEC /* Release */ = {
			isa = XCBuildConfiguration;
			buildSettings = {
				ALWAYS_SEARCH_USER_PATHS = NO;
				CLANG_ANALYZER_NONNULL = YES;
				CLANG_ANALYZER_NUMBER_OBJECT_CONVERSION = YES_AGGRESSIVE;
				CLANG_CXX_LANGUAGE_STANDARD = "gnu++17";
				CLANG_CXX_LIBRARY = "libc++";
				CLANG_ENABLE_MODULES = YES;
				CLANG_ENABLE_OBJC_ARC = YES;
				CLANG_ENABLE_OBJC_WEAK = YES;
				CLANG_WARN_BLOCK_CAPTURE_AUTORELEASING = YES;
				CLANG_WARN_BOOL_CONVERSION = YES;
				CLANG_WARN_COMMA = YES;
				CLANG_WARN_CONSTANT_CONVERSION = YES;
				CLANG_WARN_DEPRECATED_OBJC_IMPLEMENTATIONS = YES;
				CLANG_WARN_DIRECT_OBJC_ISA_USAGE = YES_ERROR;
				CLANG_WARN_DOCUMENTATION_COMMENTS = YES;
				CLANG_WARN_EMPTY_BODY = YES;
				CLANG_WARN_ENUM_CONVERSION = YES;
				CLANG_WARN_INFINITE_RECURSION = YES;
				CLANG_WARN_INT_CONVERSION = YES;
				CLANG_WARN_NON_LITERAL_NULL_CONVERSION = YES;
				CLANG_WARN_OBJC_IMPLICIT_RETAIN_SELF = YES;
				CLANG_WARN_OBJC_LITERAL_CONVERSION = YES;
				CLANG_WARN_OBJC_ROOT_CLASS = YES_ERROR;
				CLANG_WARN_QUOTED_INCLUDE_IN_FRAMEWORK_HEADER = YES;
				CLANG_WARN_RANGE_LOOP_ANALYSIS = YES;
				CLANG_WARN_STRICT_PROTOTYPES = YES;
				CLANG_WARN_SUSPICIOUS_MOVE = YES;
				CLANG_WARN_UNGUARDED_AVAILABILITY = YES_AGGRESSIVE;
				CLANG_WARN_UNREACHABLE_CODE = YES;
				CLANG_WARN__DUPLICATE_METHOD_MATCH = YES;
				COPY_PHASE_STRIP = NO;
				DEBUG_INFORMATION_FORMAT = "dwarf-with-dsym";
				ENABLE_NS_ASSERTIONS = NO;
				ENABLE_STRICT_OBJC_MSGSEND = YES;
				GCC_C_LANGUAGE_STANDARD = gnu11;
				GCC_NO_COMMON_BLOCKS = YES;
				GCC_WARN_64_TO_32_BIT_CONVERSION = YES;
				GCC_WARN_ABOUT_RETURN_TYPE = YES_ERROR;
				GCC_WARN_UNDECLARED_SELECTOR = YES;
				GCC_WARN_UNINITIALIZED_AUTOS = YES_AGGRESSIVE;
				GCC_WARN_UNUSED_FUNCTION = YES;
				GCC_WARN_UNUSED_VARIABLE = YES;
				IPHONEOS_DEPLOYMENT_TARGET = 13.0;
				MTL_ENABLE_DEBUG_INFO = NO;
				MTL_FAST_MATH = YES;
				SDKROOT = iphoneos;
				SWIFT_COMPILATION_MODE = wholemodule;
				SWIFT_OPTIMIZATION_LEVEL = "-O";
				VALIDATE_PRODUCT = YES;
			};
			name = Release;
		};
		FC67F5CE279316A50014BEEC /* Debug */ = {
			isa = XCBuildConfiguration;
			buildSettings = {
				ASSETCATALOG_COMPILER_APPICON_NAME = AppIcon;
				ASSETCATALOG_COMPILER_GLOBAL_ACCENT_COLOR_NAME = AccentColor;
				CODE_SIGN_STYLE = Automatic;
				CURRENT_PROJECT_VERSION = 1;
				GENERATE_INFOPLIST_FILE = YES;
				INFOPLIST_FILE = FloodFillAlgorithm/Info.plist;
				INFOPLIST_KEY_UIApplicationSupportsIndirectInputEvents = YES;
				INFOPLIST_KEY_UILaunchStoryboardName = LaunchScreen;
				INFOPLIST_KEY_UIMainStoryboardFile = Main;
				INFOPLIST_KEY_UISupportedInterfaceOrientations_iPad = "UIInterfaceOrientationPortrait UIInterfaceOrientationPortraitUpsideDown UIInterfaceOrientationLandscapeLeft UIInterfaceOrientationLandscapeRight";
				INFOPLIST_KEY_UISupportedInterfaceOrientations_iPhone = "UIInterfaceOrientationPortrait UIInterfaceOrientationLandscapeLeft UIInterfaceOrientationLandscapeRight";
				LD_RUNPATH_SEARCH_PATHS = (
					"$(inherited)",
					"@executable_path/Frameworks",
				);
				MARKETING_VERSION = 1.0;
				PRODUCT_BUNDLE_IDENTIFIER = com.DonMag.FloodFillAlgorithm;
				PRODUCT_NAME = "$(TARGET_NAME)";
				SWIFT_EMIT_LOC_STRINGS = YES;
				SWIFT_VERSION = 5.0;
				TARGETED_DEVICE_FAMILY = "1,2";
			};
			name = Debug;
		};
		FC67F5CF279316A50014BEEC /* Release */ = {
			isa = XCBuildConfiguration;
			buildSettings = {
				ASSETCATALOG_COMPILER_APPICON_NAME = AppIcon;
				ASSETCATALOG_COMPILER_GLOBAL_ACCENT_COLOR_NAME = AccentColor;
				CODE_SIGN_STYLE = Automatic;
				CURRENT_PROJECT_VERSION = 1;
				GENERATE_INFOPLIST_FILE = YES;
				INFOPLIST_FILE = FloodFillAlgorithm/Info.plist;
				INFOPLIST_KEY_UIApplicationSupportsIndirectInputEvents = YES;
				INFOPLIST_KEY_UILaunchStoryboardName = LaunchScreen;
				INFOPLIST_KEY_UIMainStoryboardFile = Main;
				INFOPLIST_KEY_UISupportedInterfaceOrientations_iPad = "UIInterfaceOrientationPortrait UIInterfaceOrientationPortraitUpsideDown UIInterfaceOrientationLandscapeLeft UIInterfaceOrientationLandscapeRight";
				INFOPLIST_KEY_UISupportedInterfaceOrientations_iPhone = "UIInterfaceOrientationPortrait UIInterfaceOrientationLandscapeLeft UIInterfaceOrientationLandscapeRight";
				LD_RUNPATH_SEARCH_PATHS = (
					"$(inherited)",
					"@executable_path/Frameworks",
				);
				MARKETING_VERSION = 1.0;
				PRODUCT_BUNDLE_IDENTIFIER = com.DonMag.FloodFillAlgorithm;
				PRODUCT_NAME = "$(TARGET_NAME)";
				SWIFT_EMIT_LOC_STRINGS = YES;
				SWIFT_VERSION = 5.0;
				TARGETED_DEVICE_FAMILY = "1,2";
			};
			name = Release;
		};
/* End XCBuildConfiguration section */

/* Begin XCConfigurationList section */
		FC67F5B4279316A20014BEEC /* Build configuration list for PBXProject "FloodFillAlgorithm" */ = {
			isa = XCConfigurationList;
			buildConfigurations = (
				FC67F5CB279316A50014BEEC /* Debug */,
				FC67F5CC279316A50014BEEC /* Release */,
			);
			defaultConfigurationIsVisible = 0;
			defaultConfigurationName = Release;
		};
		FC67F5CD279316A50014BEEC /* Build configuration list for PBXNativeTarget "FloodFillAlgorithm" */ = {
			isa = XCConfigurationList;
			buildConfigurations = (
				FC67F5CE279316A50014BEEC /* Debug */,
				FC67F5CF279316A50014BEEC /* Release */,
			);
			defaultConfigurationIsVisible = 0;
			defaultConfigurationName = Release;
		};
/* End XCConfigurationList section */
	};
	rootObject = FC67F5B1279316A20014BEEC /* Project object */;
}
